// !$*UTF8*$!
{
	archiveVersion = 1;
	classes = {
	};
	objectVersion = 46;
	objects = {

/* Begin PBXBuildFile section */
		140CFE971F489E6E008F1A30 /* AppDelegate.swift in Sources */ = {isa = PBXBuildFile; fileRef = 140CFE961F489E6E008F1A30 /* AppDelegate.swift */; };
		140CFE991F489E6E008F1A30 /* ViewController.swift in Sources */ = {isa = PBXBuildFile; fileRef = 140CFE981F489E6E008F1A30 /* ViewController.swift */; };
		140CFE9C1F489E6E008F1A30 /* Main.storyboard in Resources */ = {isa = PBXBuildFile; fileRef = 140CFE9A1F489E6E008F1A30 /* Main.storyboard */; };
		140CFE9E1F489E6E008F1A30 /* Assets.xcassets in Resources */ = {isa = PBXBuildFile; fileRef = 140CFE9D1F489E6E008F1A30 /* Assets.xcassets */; };
		140CFEA11F489E6E008F1A30 /* LaunchScreen.storyboard in Resources */ = {isa = PBXBuildFile; fileRef = 140CFE9F1F489E6E008F1A30 /* LaunchScreen.storyboard */; };
		140CFEA91F489E83008F1A30 /* Modal.swift in Sources */ = {isa = PBXBuildFile; fileRef = 140CFEA81F489E83008F1A30 /* Modal.swift */; };
		140CFEAC1F489EEE008F1A30 /* SlideInPresentationAnimator.swift in Sources */ = {isa = PBXBuildFile; fileRef = 140CFEAA1F489EEE008F1A30 /* SlideInPresentationAnimator.swift */; };
		140CFEAD1F489EEE008F1A30 /* SlideInPresentationController.swift in Sources */ = {isa = PBXBuildFile; fileRef = 140CFEAB1F489EEE008F1A30 /* SlideInPresentationController.swift */; };
		140CFEB11F489FEE008F1A30 /* MenuTableViewController.swift in Sources */ = {isa = PBXBuildFile; fileRef = 140CFEB01F489FEE008F1A30 /* MenuTableViewController.swift */; };
/* End PBXBuildFile section */

/* Begin PBXFileReference section */
		140CFE931F489E6E008F1A30 /* CollapsingTableView.app */ = {isa = PBXFileReference; explicitFileType = wrapper.application; includeInIndex = 0; path = CollapsingTableView.app; sourceTree = BUILT_PRODUCTS_DIR; };
		140CFE961F489E6E008F1A30 /* AppDelegate.swift */ = {isa = PBXFileReference; lastKnownFileType = sourcecode.swift; path = AppDelegate.swift; sourceTree = "<group>"; };
		140CFE981F489E6E008F1A30 /* ViewController.swift */ = {isa = PBXFileReference; lastKnownFileType = sourcecode.swift; path = ViewController.swift; sourceTree = "<group>"; };
		140CFE9B1F489E6E008F1A30 /* Base */ = {isa = PBXFileReference; lastKnownFileType = file.storyboard; name = Base; path = Base.lproj/Main.storyboard; sourceTree = "<group>"; };
		140CFE9D1F489E6E008F1A30 /* Assets.xcassets */ = {isa = PBXFileReference; lastKnownFileType = folder.assetcatalog; path = Assets.xcassets; sourceTree = "<group>"; };
		140CFEA01F489E6E008F1A30 /* Base */ = {isa = PBXFileReference; lastKnownFileType = file.storyboard; name = Base; path = Base.lproj/LaunchScreen.storyboard; sourceTree = "<group>"; };
		140CFEA21F489E6E008F1A30 /* Info.plist */ = {isa = PBXFileReference; lastKnownFileType = text.plist.xml; path = Info.plist; sourceTree = "<group>"; };
		140CFEA81F489E83008F1A30 /* Modal.swift */ = {isa = PBXFileReference; fileEncoding = 4; lastKnownFileType = sourcecode.swift; path = Modal.swift; sourceTree = "<group>"; };
		140CFEAA1F489EEE008F1A30 /* SlideInPresentationAnimator.swift */ = {isa = PBXFileReference; fileEncoding = 4; lastKnownFileType = sourcecode.swift; path = SlideInPresentationAnimator.swift; sourceTree = "<group>"; };
		140CFEAB1F489EEE008F1A30 /* SlideInPresentationController.swift */ = {isa = PBXFileReference; fileEncoding = 4; lastKnownFileType = sourcecode.swift; path = SlideInPresentationController.swift; sourceTree = "<group>"; };
		140CFEB01F489FEE008F1A30 /* MenuTableViewController.swift */ = {isa = PBXFileReference; fileEncoding = 4; lastKnownFileType = sourcecode.swift; path = MenuTableViewController.swift; sourceTree = "<group>"; };
/* End PBXFileReference section */

/* Begin PBXFrameworksBuildPhase section */
		140CFE901F489E6E008F1A30 /* Frameworks */ = {
			isa = PBXFrameworksBuildPhase;
			buildActionMask = 2147483647;
			files = (
			);
			runOnlyForDeploymentPostprocessing = 0;
		};
/* End PBXFrameworksBuildPhase section */

/* Begin PBXGroup section */
		140CFE8A1F489E6E008F1A30 = {
			isa = PBXGroup;
			children = (
				140CFE951F489E6E008F1A30 /* CollapsingTableView */,
				140CFE941F489E6E008F1A30 /* Products */,
			);
			sourceTree = "<group>";
		};
		140CFE941F489E6E008F1A30 /* Products */ = {
			isa = PBXGroup;
			children = (
				140CFE931F489E6E008F1A30 /* CollapsingTableView.app */,
			);
			name = Products;
			sourceTree = "<group>";
		};
		140CFE951F489E6E008F1A30 /* CollapsingTableView */ = {
			isa = PBXGroup;
			children = (
				140CFE961F489E6E008F1A30 /* AppDelegate.swift */,
				140CFEAA1F489EEE008F1A30 /* SlideInPresentationAnimator.swift */,
				140CFEAB1F489EEE008F1A30 /* SlideInPresentationController.swift */,
				140CFEA81F489E83008F1A30 /* Modal.swift */,
				140CFE981F489E6E008F1A30 /* ViewController.swift */,
				140CFE9A1F489E6E008F1A30 /* Main.storyboard */,
				140CFE9D1F489E6E008F1A30 /* Assets.xcassets */,
				140CFE9F1F489E6E008F1A30 /* LaunchScreen.storyboard */,
				140CFEA21F489E6E008F1A30 /* Info.plist */,
				140CFEB01F489FEE008F1A30 /* MenuTableViewController.swift */,
			);
			path = CollapsingTableView;
			sourceTree = "<group>";
		};
/* End PBXGroup section */

/* Begin PBXNativeTarget section */
		140CFE921F489E6E008F1A30 /* CollapsingTableView */ = {
			isa = PBXNativeTarget;
			buildConfigurationList = 140CFEA51F489E6E008F1A30 /* Build configuration list for PBXNativeTarget "CollapsingTableView" */;
			buildPhases = (
				140CFE8F1F489E6E008F1A30 /* Sources */,
				140CFE901F489E6E008F1A30 /* Frameworks */,
				140CFE911F489E6E008F1A30 /* Resources */,
			);
			buildRules = (
			);
			dependencies = (
			);
			name = CollapsingTableView;
			productName = CollapsingTableView;
			productReference = 140CFE931F489E6E008F1A30 /* CollapsingTableView.app */;
			productType = "com.apple.product-type.application";
		};
/* End PBXNativeTarget section */

/* Begin PBXProject section */
		140CFE8B1F489E6E008F1A30 /* Project object */ = {
			isa = PBXProject;
			attributes = {
				LastSwiftUpdateCheck = 0830;
				LastUpgradeCheck = 0830;
				ORGANIZATIONNAME = "Subhadeep Pal";
				TargetAttributes = {
					140CFE921F489E6E008F1A30 = {
						CreatedOnToolsVersion = 8.3.3;
						DevelopmentTeam = VY5KUD62JN;
						ProvisioningStyle = Automatic;
					};
				};
			};
			buildConfigurationList = 140CFE8E1F489E6E008F1A30 /* Build configuration list for PBXProject "CollapsingTableView" */;
			compatibilityVersion = "Xcode 3.2";
			developmentRegion = English;
			hasScannedForEncodings = 0;
			knownRegions = (
				en,
				Base,
			);
			mainGroup = 140CFE8A1F489E6E008F1A30;
			productRefGroup = 140CFE941F489E6E008F1A30 /* Products */;
			projectDirPath = "";
			projectRoot = "";
			targets = (
				140CFE921F489E6E008F1A30 /* CollapsingTableView */,
			);
		};
/* End PBXProject section */

/* Begin PBXResourcesBuildPhase section */
		140CFE911F489E6E008F1A30 /* Resources */ = {
			isa = PBXResourcesBuildPhase;
			buildActionMask = 2147483647;
			files = (
				140CFEA11F489E6E008F1A30 /* LaunchScreen.storyboard in Resources */,
				140CFE9E1F489E6E008F1A30 /* Assets.xcassets in Resources */,
				140CFE9C1F489E6E008F1A30 /* Main.storyboard in Resources */,
			);
			runOnlyForDeploymentPostprocessing = 0;
		};
/* End PBXResourcesBuildPhase section */

/* Begin PBXSourcesBuildPhase section */
		140CFE8F1F489E6E008F1A30 /* Sources */ = {
			isa = PBXSourcesBuildPhase;
			buildActionMask = 2147483647;
			files = (
				140CFE991F489E6E008F1A30 /* ViewController.swift in Sources */,
				140CFEAC1F489EEE008F1A30 /* SlideInPresentationAnimator.swift in Sources */,
				140CFEB11F489FEE008F1A30 /* MenuTableViewController.swift in Sources */,
				140CFEA91F489E83008F1A30 /* Modal.swift in Sources */,
				140CFEAD1F489EEE008F1A30 /* SlideInPresentationController.swift in Sources */,
				140CFE971F489E6E008F1A30 /* AppDelegate.swift in Sources */,
			);
			runOnlyForDeploymentPostprocessing = 0;
		};
/* End PBXSourcesBuildPhase section */

/* Begin PBXVariantGroup section */
		140CFE9A1F489E6E008F1A30 /* Main.storyboard */ = {
			isa = PBXVariantGroup;
			children = (
				140CFE9B1F489E6E008F1A30 /* Base */,
			);
			name = Main.storyboard;
			sourceTree = "<group>";
		};
		140CFE9F1F489E6E008F1A30 /* LaunchScreen.storyboard */ = {
			isa = PBXVariantGroup;
			children = (
				140CFEA01F489E6E008F1A30 /* Base */,
			);
			name = LaunchScreen.storyboard;
			sourceTree = "<group>";
		};
/* End PBXVariantGroup section */

/* Begin XCBuildConfiguration section */
		140CFEA31F489E6E008F1A30 /* Debug */ = {
			isa = XCBuildConfiguration;
			buildSettings = {
				ALWAYS_SEARCH_USER_PATHS = NO;
				CLANG_ANALYZER_NONNULL = YES;
				CLANG_ANALYZER_NUMBER_OBJECT_CONVERSION = YES_AGGRESSIVE;
				CLANG_CXX_LANGUAGE_STANDARD = "gnu++0x";
				CLANG_CXX_LIBRARY = "libc++";
				CLANG_ENABLE_MODULES = YES;
				CLANG_ENABLE_OBJC_ARC = YES;
				CLANG_WARN_BOOL_CONVERSION = YES;
				CLANG_WARN_CONSTANT_CONVERSION = YES;
				CLANG_WARN_DIRECT_OBJC_ISA_USAGE = YES_ERROR;
				CLANG_WARN_DOCUMENTATION_COMMENTS = YES;
				CLANG_WARN_EMPTY_BODY = YES;
				CLANG_WARN_ENUM_CONVERSION = YES;
				CLANG_WARN_INFINITE_RECURSION = YES;
				CLANG_WARN_INT_CONVERSION = YES;
				CLANG_WARN_OBJC_ROOT_CLASS = YES_ERROR;
				CLANG_WARN_SUSPICIOUS_MOVE = YES;
				CLANG_WARN_UNREACHABLE_CODE = YES;
				CLANG_WARN__DUPLICATE_METHOD_MATCH = YES;
				"CODE_SIGN_IDENTITY[sdk=iphoneos*]" = "iPhone Developer";
				COPY_PHASE_STRIP = NO;
				DEBUG_INFORMATION_FORMAT = dwarf;
				ENABLE_STRICT_OBJC_MSGSEND = YES;
				ENABLE_TESTABILITY = YES;
				GCC_C_LANGUAGE_STANDARD = gnu99;
				GCC_DYNAMIC_NO_PIC = NO;
				GCC_NO_COMMON_BLOCKS = YES;
				GCC_OPTIMIZATION_LEVEL = 0;
				GCC_PREPROCESSOR_DEFINITIONS = (
					"DEBUG=1",
					"$(inherited)",
				);
				GCC_WARN_64_TO_32_BIT_CONVERSION = YES;
				GCC_WARN_ABOUT_RETURN_TYPE = YES_ERROR;
				GCC_WARN_UNDECLARED_SELECTOR = YES;
				GCC_WARN_UNINITIALIZED_AUTOS = YES_AGGRESSIVE;
				GCC_WARN_UNUSED_FUNCTION = YES;
				GCC_WARN_UNUSED_VARIABLE = YES;
				IPHONEOS_DEPLOYMENT_TARGET = 10.3;
				MTL_ENABLE_DEBUG_INFO = YES;
				ONLY_ACTIVE_ARCH = YES;
				SDKROOT = iphoneos;
				SWIFT_ACTIVE_COMPILATION_CONDITIONS = DEBUG;
				SWIFT_OPTIMIZATION_LEVEL = "-Onone";
			};
			name = Debug;
		};
		140CFEA41F489E6E008F1A30 /* Release */ = {
			isa = XCBuildConfiguration;
			buildSettings = {
				ALWAYS_SEARCH_USER_PATHS = NO;
				CLANG_ANALYZER_NONNULL = YES;
				CLANG_ANALYZER_NUMBER_OBJECT_CONVERSION = YES_AGGRESSIVE;
				CLANG_CXX_LANGUAGE_STANDARD = "gnu++0x";
				CLANG_CXX_LIBRARY = "libc++";
				CLANG_ENABLE_MODULES = YES;
				CLANG_ENABLE_OBJC_ARC = YES;
				CLANG_WARN_BOOL_CONVERSION = YES;
				CLANG_WARN_CONSTANT_CONVERSION = YES;
				CLANG_WARN_DIRECT_OBJC_ISA_USAGE = YES_ERROR;
				CLANG_WARN_DOCUMENTATION_COMMENTS = YES;
				CLANG_WARN_EMPTY_BODY = YES;
				CLANG_WARN_ENUM_CONVERSION = YES;
				CLANG_WARN_INFINITE_RECURSION = YES;
				CLANG_WARN_INT_CONVERSION = YES;
				CLANG_WARN_OBJC_ROOT_CLASS = YES_ERROR;
				CLANG_WARN_SUSPICIOUS_MOVE = YES;
				CLANG_WARN_UNREACHABLE_CODE = YES;
				CLANG_WARN__DUPLICATE_METHOD_MATCH = YES;
				"CODE_SIGN_IDENTITY[sdk=iphoneos*]" = "iPhone Developer";
				COPY_PHASE_STRIP = NO;
				DEBUG_INFORMATION_FORMAT = "dwarf-with-dsym";
				ENABLE_NS_ASSERTIONS = NO;
				ENABLE_STRICT_OBJC_MSGSEND = YES;
				GCC_C_LANGUAGE_STANDARD = gnu99;
				GCC_NO_COMMON_BLOCKS = YES;
				GCC_WARN_64_TO_32_BIT_CONVERSION = YES;
				GCC_WARN_ABOUT_RETURN_TYPE = YES_ERROR;
				GCC_WARN_UNDECLARED_SELECTOR = YES;
				GCC_WARN_UNINITIALIZED_AUTOS = YES_AGGRESSIVE;
				GCC_WARN_UNUSED_FUNCTION = YES;
				GCC_WARN_UNUSED_VARIABLE = YES;
				IPHONEOS_DEPLOYMENT_TARGET = 10.3;
				MTL_ENABLE_DEBUG_INFO = NO;
				SDKROOT = iphoneos;
				SWIFT_OPTIMIZATION_LEVEL = "-Owholemodule";
				VALIDATE_PRODUCT = YES;
			};
			name = Release;
		};
		140CFEA61F489E6E008F1A30 /* Debug */ = {
			isa = XCBuildConfiguration;
			buildSettings = {
				ASSETCATALOG_COMPILER_APPICON_NAME = AppIcon;
				DEVELOPMENT_TEAM = VY5KUD62JN;
				INFOPLIST_FILE = CollapsingTableView/Info.plist;
				LD_RUNPATH_SEARCH_PATHS = "$(inherited) @executable_path/Frameworks";
				PRODUCT_BUNDLE_IDENTIFIER = "com.floh.push-notification-example.CollapsingTableView";
				PRODUCT_NAME = "$(TARGET_NAME)";
				SWIFT_VERSION = 3.0;
			};
			name = Debug;
		};
		140CFEA71F489E6E008F1A30 /* Release */ = {
			isa = XCBuildConfiguration;
			buildSettings = {
				ASSETCATALOG_COMPILER_APPICON_NAME = AppIcon;
				DEVELOPMENT_TEAM = VY5KUD62JN;
				INFOPLIST_FILE = CollapsingTableView/Info.plist;
				LD_RUNPATH_SEARCH_PATHS = "$(inherited) @executable_path/Frameworks";
				PRODUCT_BUNDLE_IDENTIFIER = "com.floh.push-notification-example.CollapsingTableView";
				PRODUCT_NAME = "$(TARGET_NAME)";
				SWIFT_VERSION = 3.0;
			};
			name = Release;
		};
/* End XCBuildConfiguration section */

/* Begin XCConfigurationList section */
		140CFE8E1F489E6E008F1A30 /* Build configuration list for PBXProject "CollapsingTableView" */ = {
			isa = XCConfigurationList;
			buildConfigurations = (
				140CFEA31F489E6E008F1A30 /* Debug */,
				140CFEA41F489E6E008F1A30 /* Release */,
			);
			defaultConfigurationIsVisible = 0;
			defaultConfigurationName = Release;
		};
		140CFEA51F489E6E008F1A30 /* Build configuration list for PBXNativeTarget "CollapsingTableView" */ = {
			isa = XCConfigurationList;
			buildConfigurations = (
				140CFEA61F489E6E008F1A30 /* Debug */,
				140CFEA71F489E6E008F1A30 /* Release */,
			);
			defaultConfigurationIsVisible = 0;
		};
/* End XCConfigurationList section */
	};
	rootObject = 140CFE8B1F489E6E008F1A30 /* Project object */;
}
